// !$*UTF8*$!
{
	archiveVersion = 1;
	classes = {
	};
	objectVersion = 48;
	objects = {

/* Begin PBXBuildFile section */
		43248A1F2076D5AB006B788D /* KeyboardDismissOnTap.swift in Sources */ = {isa = PBXBuildFile; fileRef = 43248A1E2076D5AB006B788D /* KeyboardDismissOnTap.swift */; };
		43BCB3282051C829002CA0BF /* DataService.swift in Sources */ = {isa = PBXBuildFile; fileRef = 43BCB3272051C829002CA0BF /* DataService.swift */; };
		43BCB32C2051F142002CA0BF /* AuthService.swift in Sources */ = {isa = PBXBuildFile; fileRef = 43BCB32B2051F142002CA0BF /* AuthService.swift */; };
		43BCB32E2053527D002CA0BF /* MapVC.swift in Sources */ = {isa = PBXBuildFile; fileRef = 43BCB32D2053527D002CA0BF /* MapVC.swift */; };
		43BCB33020535290002CA0BF /* UserProfileVC.swift in Sources */ = {isa = PBXBuildFile; fileRef = 43BCB32F20535290002CA0BF /* UserProfileVC.swift */; };
		43BCB332205354CD002CA0BF /* CafeProfileSetupVC.swift in Sources */ = {isa = PBXBuildFile; fileRef = 43BCB331205354CD002CA0BF /* CafeProfileSetupVC.swift */; };
		43BCB33420549A54002CA0BF /* EditUserVC.swift in Sources */ = {isa = PBXBuildFile; fileRef = 43BCB33320549A54002CA0BF /* EditUserVC.swift */; };
		43D03CCC2060A5A500B3038A /* Cafe.swift in Sources */ = {isa = PBXBuildFile; fileRef = 43D03CCB2060A5A500B3038A /* Cafe.swift */; };
		43D03CCE2061BF9B00B3038A /* CafeProfileVC.swift in Sources */ = {isa = PBXBuildFile; fileRef = 43D03CCD2061BF9B00B3038A /* CafeProfileVC.swift */; };
		43F5BDFE2051C49A00870B2D /* AppDelegate.swift in Sources */ = {isa = PBXBuildFile; fileRef = 43F5BDFD2051C49A00870B2D /* AppDelegate.swift */; };
		43F5BE002051C49A00870B2D /* LoginVC.swift in Sources */ = {isa = PBXBuildFile; fileRef = 43F5BDFF2051C49A00870B2D /* LoginVC.swift */; };
		43F5BE032051C49A00870B2D /* Main.storyboard in Resources */ = {isa = PBXBuildFile; fileRef = 43F5BE012051C49A00870B2D /* Main.storyboard */; };
		43F5BE052051C49A00870B2D /* Assets.xcassets in Resources */ = {isa = PBXBuildFile; fileRef = 43F5BE042051C49A00870B2D /* Assets.xcassets */; };
		43F5BE082051C49A00870B2D /* LaunchScreen.storyboard in Resources */ = {isa = PBXBuildFile; fileRef = 43F5BE062051C49A00870B2D /* LaunchScreen.storyboard */; };
		43F5BE152051C65C00870B2D /* GoogleService-Info.plist in Resources */ = {isa = PBXBuildFile; fileRef = 43F5BE142051C65B00870B2D /* GoogleService-Info.plist */; };
		543B56D550707A5939D525ED /* Pods_blacktop.framework in Frameworks */ = {isa = PBXBuildFile; fileRef = FD97B415F4DC66E8612F8D03 /* Pods_blacktop.framework */; };
/* End PBXBuildFile section */

/* Begin PBXFileReference section */
		43248A1E2076D5AB006B788D /* KeyboardDismissOnTap.swift */ = {isa = PBXFileReference; lastKnownFileType = sourcecode.swift; path = KeyboardDismissOnTap.swift; sourceTree = "<group>"; };
		43BCB3272051C829002CA0BF /* DataService.swift */ = {isa = PBXFileReference; lastKnownFileType = sourcecode.swift; path = DataService.swift; sourceTree = "<group>"; };
		43BCB32B2051F142002CA0BF /* AuthService.swift */ = {isa = PBXFileReference; lastKnownFileType = sourcecode.swift; path = AuthService.swift; sourceTree = "<group>"; };
		43BCB32D2053527D002CA0BF /* MapVC.swift */ = {isa = PBXFileReference; lastKnownFileType = sourcecode.swift; path = MapVC.swift; sourceTree = "<group>"; };
		43BCB32F20535290002CA0BF /* UserProfileVC.swift */ = {isa = PBXFileReference; lastKnownFileType = sourcecode.swift; path = UserProfileVC.swift; sourceTree = "<group>"; };
		43BCB331205354CD002CA0BF /* CafeProfileSetupVC.swift */ = {isa = PBXFileReference; lastKnownFileType = sourcecode.swift; path = CafeProfileSetupVC.swift; sourceTree = "<group>"; };
		43BCB33320549A54002CA0BF /* EditUserVC.swift */ = {isa = PBXFileReference; lastKnownFileType = sourcecode.swift; path = EditUserVC.swift; sourceTree = "<group>"; };
		43D03CCB2060A5A500B3038A /* Cafe.swift */ = {isa = PBXFileReference; lastKnownFileType = sourcecode.swift; path = Cafe.swift; sourceTree = "<group>"; };
		43D03CCD2061BF9B00B3038A /* CafeProfileVC.swift */ = {isa = PBXFileReference; lastKnownFileType = sourcecode.swift; path = CafeProfileVC.swift; sourceTree = "<group>"; };
		43F5BDFA2051C49A00870B2D /* blacktop.app */ = {isa = PBXFileReference; explicitFileType = wrapper.application; includeInIndex = 0; path = blacktop.app; sourceTree = BUILT_PRODUCTS_DIR; };
		43F5BDFD2051C49A00870B2D /* AppDelegate.swift */ = {isa = PBXFileReference; lastKnownFileType = sourcecode.swift; path = AppDelegate.swift; sourceTree = "<group>"; };
		43F5BDFF2051C49A00870B2D /* LoginVC.swift */ = {isa = PBXFileReference; lastKnownFileType = sourcecode.swift; path = LoginVC.swift; sourceTree = "<group>"; };
		43F5BE022051C49A00870B2D /* Base */ = {isa = PBXFileReference; lastKnownFileType = file.storyboard; name = Base; path = Base.lproj/Main.storyboard; sourceTree = "<group>"; };
		43F5BE042051C49A00870B2D /* Assets.xcassets */ = {isa = PBXFileReference; lastKnownFileType = folder.assetcatalog; path = Assets.xcassets; sourceTree = "<group>"; };
		43F5BE072051C49A00870B2D /* Base */ = {isa = PBXFileReference; lastKnownFileType = file.storyboard; name = Base; path = Base.lproj/LaunchScreen.storyboard; sourceTree = "<group>"; };
		43F5BE092051C49A00870B2D /* Info.plist */ = {isa = PBXFileReference; lastKnownFileType = text.plist.xml; path = Info.plist; sourceTree = "<group>"; };
		43F5BE142051C65B00870B2D /* GoogleService-Info.plist */ = {isa = PBXFileReference; fileEncoding = 4; lastKnownFileType = text.plist.xml; path = "GoogleService-Info.plist"; sourceTree = "<group>"; };
		7B6747A229A8FABC98A49107 /* Pods-blacktop.release.xcconfig */ = {isa = PBXFileReference; includeInIndex = 1; lastKnownFileType = text.xcconfig; name = "Pods-blacktop.release.xcconfig"; path = "Pods/Target Support Files/Pods-blacktop/Pods-blacktop.release.xcconfig"; sourceTree = "<group>"; };
		C2B5ACFC0599EE639F57ED4E /* Pods-blacktop.debug.xcconfig */ = {isa = PBXFileReference; includeInIndex = 1; lastKnownFileType = text.xcconfig; name = "Pods-blacktop.debug.xcconfig"; path = "Pods/Target Support Files/Pods-blacktop/Pods-blacktop.debug.xcconfig"; sourceTree = "<group>"; };
		FD97B415F4DC66E8612F8D03 /* Pods_blacktop.framework */ = {isa = PBXFileReference; explicitFileType = wrapper.framework; includeInIndex = 0; path = Pods_blacktop.framework; sourceTree = BUILT_PRODUCTS_DIR; };
/* End PBXFileReference section */

/* Begin PBXFrameworksBuildPhase section */
		43F5BDF72051C49A00870B2D /* Frameworks */ = {
			isa = PBXFrameworksBuildPhase;
			buildActionMask = 2147483647;
			files = (
				543B56D550707A5939D525ED /* Pods_blacktop.framework in Frameworks */,
			);
			runOnlyForDeploymentPostprocessing = 0;
		};
/* End PBXFrameworksBuildPhase section */

/* Begin PBXGroup section */
		43BCB3262051C817002CA0BF /* Services */ = {
			isa = PBXGroup;
			children = (
				43BCB3272051C829002CA0BF /* DataService.swift */,
				43BCB32B2051F142002CA0BF /* AuthService.swift */,
			);
			path = Services;
			sourceTree = "<group>";
		};
		43F5BDF12051C49A00870B2D = {
			isa = PBXGroup;
			children = (
				43F5BDFC2051C49A00870B2D /* blacktop */,
				43F5BDFB2051C49A00870B2D /* Products */,
				FA69779F3E0F6E73E6F2913C /* Pods */,
				B5C96DBB0F49E19626014BF4 /* Frameworks */,
			);
			sourceTree = "<group>";
		};
		43F5BDFB2051C49A00870B2D /* Products */ = {
			isa = PBXGroup;
			children = (
				43F5BDFA2051C49A00870B2D /* blacktop.app */,
			);
			name = Products;
			sourceTree = "<group>";
		};
		43F5BDFC2051C49A00870B2D /* blacktop */ = {
			isa = PBXGroup;
			children = (
				43BCB3262051C817002CA0BF /* Services */,
				43F5BE132051C4E800870B2D /* Utilities */,
				43F5BE112051C4CD00870B2D /* Model */,
				43F5BE102051C4C700870B2D /* View */,
				43F5BE0F2051C4BD00870B2D /* Controller */,
				43F5BDFD2051C49A00870B2D /* AppDelegate.swift */,
				43F5BE012051C49A00870B2D /* Main.storyboard */,
				43F5BE042051C49A00870B2D /* Assets.xcassets */,
				43F5BE062051C49A00870B2D /* LaunchScreen.storyboard */,
				43F5BE092051C49A00870B2D /* Info.plist */,
				43F5BE142051C65B00870B2D /* GoogleService-Info.plist */,
			);
			path = blacktop;
			sourceTree = "<group>";
		};
		43F5BE0F2051C4BD00870B2D /* Controller */ = {
			isa = PBXGroup;
			children = (
				43F5BDFF2051C49A00870B2D /* LoginVC.swift */,
				43BCB32D2053527D002CA0BF /* MapVC.swift */,
				43BCB32F20535290002CA0BF /* UserProfileVC.swift */,
				43BCB331205354CD002CA0BF /* CafeProfileSetupVC.swift */,
				43BCB33320549A54002CA0BF /* EditUserVC.swift */,
				43D03CCD2061BF9B00B3038A /* CafeProfileVC.swift */,
			);
			path = Controller;
			sourceTree = "<group>";
		};
		43F5BE102051C4C700870B2D /* View */ = {
			isa = PBXGroup;
			children = (
				43248A1E2076D5AB006B788D /* KeyboardDismissOnTap.swift */,
			);
			path = View;
			sourceTree = "<group>";
		};
		43F5BE112051C4CD00870B2D /* Model */ = {
			isa = PBXGroup;
			children = (
				43D03CCB2060A5A500B3038A /* Cafe.swift */,
			);
			path = Model;
			sourceTree = "<group>";
		};
		43F5BE132051C4E800870B2D /* Utilities */ = {
			isa = PBXGroup;
			children = (
			);
			path = Utilities;
			sourceTree = "<group>";
		};
		B5C96DBB0F49E19626014BF4 /* Frameworks */ = {
			isa = PBXGroup;
			children = (
				FD97B415F4DC66E8612F8D03 /* Pods_blacktop.framework */,
			);
			name = Frameworks;
			sourceTree = "<group>";
		};
		FA69779F3E0F6E73E6F2913C /* Pods */ = {
			isa = PBXGroup;
			children = (
				C2B5ACFC0599EE639F57ED4E /* Pods-blacktop.debug.xcconfig */,
				7B6747A229A8FABC98A49107 /* Pods-blacktop.release.xcconfig */,
			);
			name = Pods;
			sourceTree = "<group>";
		};
/* End PBXGroup section */

/* Begin PBXNativeTarget section */
		43F5BDF92051C49A00870B2D /* blacktop */ = {
			isa = PBXNativeTarget;
			buildConfigurationList = 43F5BE0C2051C49A00870B2D /* Build configuration list for PBXNativeTarget "blacktop" */;
			buildPhases = (
				05073770914D0C66F3FF074F /* [CP] Check Pods Manifest.lock */,
				43F5BDF62051C49A00870B2D /* Sources */,
				43F5BDF72051C49A00870B2D /* Frameworks */,
				43F5BDF82051C49A00870B2D /* Resources */,
				DB5DDA0F9BC1412011C56FC1 /* [CP] Embed Pods Frameworks */,
				5435A0DB1D79E09E2D9CAA7C /* [CP] Copy Pods Resources */,
			);
			buildRules = (
			);
			dependencies = (
			);
			name = blacktop;
			productName = blacktop;
			productReference = 43F5BDFA2051C49A00870B2D /* blacktop.app */;
			productType = "com.apple.product-type.application";
		};
/* End PBXNativeTarget section */

/* Begin PBXProject section */
		43F5BDF22051C49A00870B2D /* Project object */ = {
			isa = PBXProject;
			attributes = {
				LastSwiftUpdateCheck = 0920;
				LastUpgradeCheck = 0920;
				ORGANIZATIONNAME = "Daniel Stahl";
				TargetAttributes = {
					43F5BDF92051C49A00870B2D = {
						CreatedOnToolsVersion = 9.2;
						ProvisioningStyle = Automatic;
					};
				};
			};
			buildConfigurationList = 43F5BDF52051C49A00870B2D /* Build configuration list for PBXProject "blacktop" */;
			compatibilityVersion = "Xcode 8.0";
			developmentRegion = en;
			hasScannedForEncodings = 0;
			knownRegions = (
				en,
				Base,
			);
			mainGroup = 43F5BDF12051C49A00870B2D;
			productRefGroup = 43F5BDFB2051C49A00870B2D /* Products */;
			projectDirPath = "";
			projectRoot = "";
			targets = (
				43F5BDF92051C49A00870B2D /* blacktop */,
			);
		};
/* End PBXProject section */

/* Begin PBXResourcesBuildPhase section */
		43F5BDF82051C49A00870B2D /* Resources */ = {
			isa = PBXResourcesBuildPhase;
			buildActionMask = 2147483647;
			files = (
				43F5BE082051C49A00870B2D /* LaunchScreen.storyboard in Resources */,
				43F5BE052051C49A00870B2D /* Assets.xcassets in Resources */,
				43F5BE152051C65C00870B2D /* GoogleService-Info.plist in Resources */,
				43F5BE032051C49A00870B2D /* Main.storyboard in Resources */,
			);
			runOnlyForDeploymentPostprocessing = 0;
		};
/* End PBXResourcesBuildPhase section */

/* Begin PBXShellScriptBuildPhase section */
		05073770914D0C66F3FF074F /* [CP] Check Pods Manifest.lock */ = {
			isa = PBXShellScriptBuildPhase;
			buildActionMask = 2147483647;
			files = (
			);
			inputPaths = (
			);
			name = "[CP] Check Pods Manifest.lock";
			outputPaths = (
			);
			runOnlyForDeploymentPostprocessing = 0;
			shellPath = /bin/sh;
			shellScript = "diff \"${PODS_ROOT}/../Podfile.lock\" \"${PODS_ROOT}/Manifest.lock\" > /dev/null\nif [ $? != 0 ] ; then\n    # print error to STDERR\n    echo \"error: The sandbox is not in sync with the Podfile.lock. Run 'pod install' or update your CocoaPods installation.\" >&2\n    exit 1\nfi\n";
			showEnvVarsInLog = 0;
		};
		5435A0DB1D79E09E2D9CAA7C /* [CP] Copy Pods Resources */ = {
			isa = PBXShellScriptBuildPhase;
			buildActionMask = 2147483647;
			files = (
			);
			inputPaths = (
			);
			name = "[CP] Copy Pods Resources";
			outputPaths = (
			);
			runOnlyForDeploymentPostprocessing = 0;
			shellPath = /bin/sh;
			shellScript = "\"${SRCROOT}/Pods/Target Support Files/Pods-blacktop/Pods-blacktop-resources.sh\"\n";
			showEnvVarsInLog = 0;
		};
		DB5DDA0F9BC1412011C56FC1 /* [CP] Embed Pods Frameworks */ = {
			isa = PBXShellScriptBuildPhase;
			buildActionMask = 2147483647;
			files = (
			);
			inputPaths = (
			);
			name = "[CP] Embed Pods Frameworks";
			outputPaths = (
			);
			runOnlyForDeploymentPostprocessing = 0;
			shellPath = /bin/sh;
			shellScript = "\"${SRCROOT}/Pods/Target Support Files/Pods-blacktop/Pods-blacktop-frameworks.sh\"\n";
			showEnvVarsInLog = 0;
		};
/* End PBXShellScriptBuildPhase section */

/* Begin PBXSourcesBuildPhase section */
		43F5BDF62051C49A00870B2D /* Sources */ = {
			isa = PBXSourcesBuildPhase;
			buildActionMask = 2147483647;
			files = (
				43BCB32E2053527D002CA0BF /* MapVC.swift in Sources */,
				43BCB33420549A54002CA0BF /* EditUserVC.swift in Sources */,
				43BCB3282051C829002CA0BF /* DataService.swift in Sources */,
				43BCB32C2051F142002CA0BF /* AuthService.swift in Sources */,
				43F5BE002051C49A00870B2D /* LoginVC.swift in Sources */,
				43F5BDFE2051C49A00870B2D /* AppDelegate.swift in Sources */,
				43BCB332205354CD002CA0BF /* CafeProfileSetupVC.swift in Sources */,
				43BCB33020535290002CA0BF /* UserProfileVC.swift in Sources */,
				43248A1F2076D5AB006B788D /* KeyboardDismissOnTap.swift in Sources */,
				43D03CCE2061BF9B00B3038A /* CafeProfileVC.swift in Sources */,
				43D03CCC2060A5A500B3038A /* Cafe.swift in Sources */,
			);
			runOnlyForDeploymentPostprocessing = 0;
		};
/* End PBXSourcesBuildPhase section */

/* Begin PBXVariantGroup section */
		43F5BE012051C49A00870B2D /* Main.storyboard */ = {
			isa = PBXVariantGroup;
			children = (
				43F5BE022051C49A00870B2D /* Base */,
			);
			name = Main.storyboard;
			sourceTree = "<group>";
		};
		43F5BE062051C49A00870B2D /* LaunchScreen.storyboard */ = {
			isa = PBXVariantGroup;
			children = (
				43F5BE072051C49A00870B2D /* Base */,
			);
			name = LaunchScreen.storyboard;
			sourceTree = "<group>";
		};
/* End PBXVariantGroup section */

/* Begin XCBuildConfiguration section */
		43F5BE0A2051C49A00870B2D /* Debug */ = {
			isa = XCBuildConfiguration;
			buildSettings = {
				ALWAYS_SEARCH_USER_PATHS = NO;
				CLANG_ANALYZER_NONNULL = YES;
				CLANG_ANALYZER_NUMBER_OBJECT_CONVERSION = YES_AGGRESSIVE;
				CLANG_CXX_LANGUAGE_STANDARD = "gnu++14";
				CLANG_CXX_LIBRARY = "libc++";
				CLANG_ENABLE_MODULES = YES;
				CLANG_ENABLE_OBJC_ARC = YES;
				CLANG_WARN_BLOCK_CAPTURE_AUTORELEASING = YES;
				CLANG_WARN_BOOL_CONVERSION = YES;
				CLANG_WARN_COMMA = YES;
				CLANG_WARN_CONSTANT_CONVERSION = YES;
				CLANG_WARN_DIRECT_OBJC_ISA_USAGE = YES_ERROR;
				CLANG_WARN_DOCUMENTATION_COMMENTS = YES;
				CLANG_WARN_EMPTY_BODY = YES;
				CLANG_WARN_ENUM_CONVERSION = YES;
				CLANG_WARN_INFINITE_RECURSION = YES;
				CLANG_WARN_INT_CONVERSION = YES;
				CLANG_WARN_NON_LITERAL_NULL_CONVERSION = YES;
				CLANG_WARN_OBJC_LITERAL_CONVERSION = YES;
				CLANG_WARN_OBJC_ROOT_CLASS = YES_ERROR;
				CLANG_WARN_RANGE_LOOP_ANALYSIS = YES;
				CLANG_WARN_STRICT_PROTOTYPES = YES;
				CLANG_WARN_SUSPICIOUS_MOVE = YES;
				CLANG_WARN_UNGUARDED_AVAILABILITY = YES_AGGRESSIVE;
				CLANG_WARN_UNREACHABLE_CODE = YES;
				CLANG_WARN__DUPLICATE_METHOD_MATCH = YES;
				CODE_SIGN_IDENTITY = "iPhone Developer";
				COPY_PHASE_STRIP = NO;
				DEBUG_INFORMATION_FORMAT = dwarf;
				ENABLE_STRICT_OBJC_MSGSEND = YES;
				ENABLE_TESTABILITY = YES;
				GCC_C_LANGUAGE_STANDARD = gnu11;
				GCC_DYNAMIC_NO_PIC = NO;
				GCC_NO_COMMON_BLOCKS = YES;
				GCC_OPTIMIZATION_LEVEL = 0;
				GCC_PREPROCESSOR_DEFINITIONS = (
					"DEBUG=1",
					"$(inherited)",
				);
				GCC_WARN_64_TO_32_BIT_CONVERSION = YES;
				GCC_WARN_ABOUT_RETURN_TYPE = YES_ERROR;
				GCC_WARN_UNDECLARED_SELECTOR = YES;
				GCC_WARN_UNINITIALIZED_AUTOS = YES_AGGRESSIVE;
				GCC_WARN_UNUSED_FUNCTION = YES;
				GCC_WARN_UNUSED_VARIABLE = YES;
				IPHONEOS_DEPLOYMENT_TARGET = 11.2;
				MTL_ENABLE_DEBUG_INFO = YES;
				ONLY_ACTIVE_ARCH = YES;
				SDKROOT = iphoneos;
				SWIFT_ACTIVE_COMPILATION_CONDITIONS = DEBUG;
				SWIFT_OPTIMIZATION_LEVEL = "-Onone";
			};
			name = Debug;
		};
		43F5BE0B2051C49A00870B2D /* Release */ = {
			isa = XCBuildConfiguration;
			buildSettings = {
				ALWAYS_SEARCH_USER_PATHS = NO;
				CLANG_ANALYZER_NONNULL = YES;
				CLANG_ANALYZER_NUMBER_OBJECT_CONVERSION = YES_AGGRESSIVE;
				CLANG_CXX_LANGUAGE_STANDARD = "gnu++14";
				CLANG_CXX_LIBRARY = "libc++";
				CLANG_ENABLE_MODULES = YES;
				CLANG_ENABLE_OBJC_ARC = YES;
				CLANG_WARN_BLOCK_CAPTURE_AUTORELEASING = YES;
				CLANG_WARN_BOOL_CONVERSION = YES;
				CLANG_WARN_COMMA = YES;
				CLANG_WARN_CONSTANT_CONVERSION = YES;
				CLANG_WARN_DIRECT_OBJC_ISA_USAGE = YES_ERROR;
				CLANG_WARN_DOCUMENTATION_COMMENTS = YES;
				CLANG_WARN_EMPTY_BODY = YES;
				CLANG_WARN_ENUM_CONVERSION = YES;
				CLANG_WARN_INFINITE_RECURSION = YES;
				CLANG_WARN_INT_CONVERSION = YES;
				CLANG_WARN_NON_LITERAL_NULL_CONVERSION = YES;
				CLANG_WARN_OBJC_LITERAL_CONVERSION = YES;
				CLANG_WARN_OBJC_ROOT_CLASS = YES_ERROR;
				CLANG_WARN_RANGE_LOOP_ANALYSIS = YES;
				CLANG_WARN_STRICT_PROTOTYPES = YES;
				CLANG_WARN_SUSPICIOUS_MOVE = YES;
				CLANG_WARN_UNGUARDED_AVAILABILITY = YES_AGGRESSIVE;
				CLANG_WARN_UNREACHABLE_CODE = YES;
				CLANG_WARN__DUPLICATE_METHOD_MATCH = YES;
				CODE_SIGN_IDENTITY = "iPhone Developer";
				COPY_PHASE_STRIP = NO;
				DEBUG_INFORMATION_FORMAT = "dwarf-with-dsym";
				ENABLE_NS_ASSERTIONS = NO;
				ENABLE_STRICT_OBJC_MSGSEND = YES;
				GCC_C_LANGUAGE_STANDARD = gnu11;
				GCC_NO_COMMON_BLOCKS = YES;
				GCC_WARN_64_TO_32_BIT_CONVERSION = YES;
				GCC_WARN_ABOUT_RETURN_TYPE = YES_ERROR;
				GCC_WARN_UNDECLARED_SELECTOR = YES;
				GCC_WARN_UNINITIALIZED_AUTOS = YES_AGGRESSIVE;
				GCC_WARN_UNUSED_FUNCTION = YES;
				GCC_WARN_UNUSED_VARIABLE = YES;
				IPHONEOS_DEPLOYMENT_TARGET = 11.2;
				MTL_ENABLE_DEBUG_INFO = NO;
				SDKROOT = iphoneos;
				SWIFT_OPTIMIZATION_LEVEL = "-Owholemodule";
				VALIDATE_PRODUCT = YES;
			};
			name = Release;
		};
		43F5BE0D2051C49A00870B2D /* Debug */ = {
			isa = XCBuildConfiguration;
			baseConfigurationReference = C2B5ACFC0599EE639F57ED4E /* Pods-blacktop.debug.xcconfig */;
			buildSettings = {
				ASSETCATALOG_COMPILER_APPICON_NAME = AppIcon;
				CODE_SIGN_STYLE = Automatic;
				DEVELOPMENT_TEAM = 7973D875N9;
				INFOPLIST_FILE = blacktop/Info.plist;
				LD_RUNPATH_SEARCH_PATHS = "$(inherited) @executable_path/Frameworks";
				PRODUCT_BUNDLE_IDENTIFIER = xyz.danielstahl.blacktop;
				PRODUCT_NAME = "$(TARGET_NAME)";
				SWIFT_VERSION = 4.0;
				TARGETED_DEVICE_FAMILY = "1,2";
			};
			name = Debug;
		};
		43F5BE0E2051C49A00870B2D /* Release */ = {
			isa = XCBuildConfiguration;
			baseConfigurationReference = 7B6747A229A8FABC98A49107 /* Pods-blacktop.release.xcconfig */;
			buildSettings = {
				ASSETCATALOG_COMPILER_APPICON_NAME = AppIcon;
				CODE_SIGN_STYLE = Automatic;
				DEVELOPMENT_TEAM = 7973D875N9;
				INFOPLIST_FILE = blacktop/Info.plist;
				LD_RUNPATH_SEARCH_PATHS = "$(inherited) @executable_path/Frameworks";
				PRODUCT_BUNDLE_IDENTIFIER = xyz.danielstahl.blacktop;
				PRODUCT_NAME = "$(TARGET_NAME)";
				SWIFT_VERSION = 4.0;
				TARGETED_DEVICE_FAMILY = "1,2";
			};
			name = Release;
		};
/* End XCBuildConfiguration section */

/* Begin XCConfigurationList section */
		43F5BDF52051C49A00870B2D /* Build configuration list for PBXProject "blacktop" */ = {
			isa = XCConfigurationList;
			buildConfigurations = (
				43F5BE0A2051C49A00870B2D /* Debug */,
				43F5BE0B2051C49A00870B2D /* Release */,
			);
			defaultConfigurationIsVisible = 0;
			defaultConfigurationName = Release;
		};
		43F5BE0C2051C49A00870B2D /* Build configuration list for PBXNativeTarget "blacktop" */ = {
			isa = XCConfigurationList;
			buildConfigurations = (
				43F5BE0D2051C49A00870B2D /* Debug */,
				43F5BE0E2051C49A00870B2D /* Release */,
			);
			defaultConfigurationIsVisible = 0;
			defaultConfigurationName = Release;
		};
/* End XCConfigurationList section */
	};
	rootObject = 43F5BDF22051C49A00870B2D /* Project object */;
}
